
Microsoft Visual Studio Solution File, Format Version 12.00
# Visual Studio 15
VisualStudioVersion = 15.0.27130.2010
MinimumVisualStudioVersion = 10.0.40219.1
Project("{FAE04EC0-301F-11D3-BF4B-00C04F79EFBC}") = "Paperboy.Android", "Paperboy\Paperboy.Android\Paperboy.Android.csproj", "{53DAE37A-1ED1-4172-907E-DEC480B33E4B}"
EndProject
Project("{FAE04EC0-301F-11D3-BF4B-00C04F79EFBC}") = "Paperboy.iOS", "Paperboy\Paperboy.iOS\Paperboy.iOS.csproj", "{9D557811-4022-46A0-9B1A-AB7B0101B0D1}"
EndProject
Project("{FAE04EC0-301F-11D3-BF4B-00C04F79EFBC}") = "Paperboy.UWP", "Paperboy\Paperboy.UWP\Paperboy.UWP.csproj", "{2FB03C34-80F1-4E10-B0A4-5499FCC1C568}"
EndProject
Project("{FAE04EC0-301F-11D3-BF4B-00C04F79EFBC}") = "Paperboy", "Paperboy\Paperboy\Paperboy.csproj", "{35FB7FFE-99FE-4BA9-B3D1-2E51255632EA}"
EndProject
Global
	GlobalSection(SolutionConfigurationPlatforms) = preSolution
		Ad-Hoc|Any CPU = Ad-Hoc|Any CPU
		Ad-Hoc|ARM = Ad-Hoc|ARM
		Ad-Hoc|iPhone = Ad-Hoc|iPhone
		Ad-Hoc|iPhoneSimulator = Ad-Hoc|iPhoneSimulator
		Ad-Hoc|x64 = Ad-Hoc|x64
		Ad-Hoc|x86 = Ad-Hoc|x86
		AppStore|Any CPU = AppStore|Any CPU
		AppStore|ARM = AppStore|ARM
		AppStore|iPhone = AppStore|iPhone
		AppStore|iPhoneSimulator = AppStore|iPhoneSimulator
		AppStore|x64 = AppStore|x64
		AppStore|x86 = AppStore|x86
		Debug|Any CPU = Debug|Any CPU
		Debug|ARM = Debug|ARM
		Debug|iPhone = Debug|iPhone
		Debug|iPhoneSimulator = Debug|iPhoneSimulator
		Debug|x64 = Debug|x64
		Debug|x86 = Debug|x86
		Release|Any CPU = Release|Any CPU
		Release|ARM = Release|ARM
		Release|iPhone = Release|iPhone
		Release|iPhoneSimulator = Release|iPhoneSimulator
		Release|x64 = Release|x64
		Release|x86 = Release|x86
	EndGlobalSection
	GlobalSection(ProjectConfigurationPlatforms) = postSolution
		{53DAE37A-1ED1-4172-907E-DEC480B33E4B}.Ad-Hoc|Any CPU.ActiveCfg = Release|Any CPU
		{53DAE37A-1ED1-4172-907E-DEC480B33E4B}.Ad-Hoc|Any CPU.Build.0 = Release|Any CPU
		{53DAE37A-1ED1-4172-907E-DEC480B33E4B}.Ad-Hoc|Any CPU.Deploy.0 = Release|Any CPU
		{53DAE37A-1ED1-4172-907E-DEC480B33E4B}.Ad-Hoc|ARM.ActiveCfg = Release|Any CPU
		{53DAE37A-1ED1-4172-907E-DEC480B33E4B}.Ad-Hoc|ARM.Build.0 = Release|Any CPU
		{53DAE37A-1ED1-4172-907E-DEC480B33E4B}.Ad-Hoc|ARM.Deploy.0 = Release|Any CPU
		{53DAE37A-1ED1-4172-907E-DEC480B33E4B}.Ad-Hoc|iPhone.ActiveCfg = Release|Any CPU
		{53DAE37A-1ED1-4172-907E-DEC480B33E4B}.Ad-Hoc|iPhone.Build.0 = Release|Any CPU
		{53DAE37A-1ED1-4172-907E-DEC480B33E4B}.Ad-Hoc|iPhone.Deploy.0 = Release|Any CPU
		{53DAE37A-1ED1-4172-907E-DEC480B33E4B}.Ad-Hoc|iPhoneSimulator.ActiveCfg = Release|Any CPU
		{53DAE37A-1ED1-4172-907E-DEC480B33E4B}.Ad-Hoc|iPhoneSimulator.Build.0 = Release|Any CPU
		{53DAE37A-1ED1-4172-907E-DEC480B33E4B}.Ad-Hoc|iPhoneSimulator.Deploy.0 = Release|Any CPU
		{53DAE37A-1ED1-4172-907E-DEC480B33E4B}.Ad-Hoc|x64.ActiveCfg = Release|Any CPU
		{53DAE37A-1ED1-4172-907E-DEC480B33E4B}.Ad-Hoc|x64.Build.0 = Release|Any CPU
		{53DAE37A-1ED1-4172-907E-DEC480B33E4B}.Ad-Hoc|x64.Deploy.0 = Release|Any CPU
		{53DAE37A-1ED1-4172-907E-DEC480B33E4B}.Ad-Hoc|x86.ActiveCfg = Release|Any CPU
		{53DAE37A-1ED1-4172-907E-DEC480B33E4B}.Ad-Hoc|x86.Build.0 = Release|Any CPU
		{53DAE37A-1ED1-4172-907E-DEC480B33E4B}.Ad-Hoc|x86.Deploy.0 = Release|Any CPU
		{53DAE37A-1ED1-4172-907E-DEC480B33E4B}.AppStore|Any CPU.ActiveCfg = Release|Any CPU
		{53DAE37A-1ED1-4172-907E-DEC480B33E4B}.AppStore|Any CPU.Build.0 = Release|Any CPU
		{53DAE37A-1ED1-4172-907E-DEC480B33E4B}.AppStore|Any CPU.Deploy.0 = Release|Any CPU
		{53DAE37A-1ED1-4172-907E-DEC480B33E4B}.AppStore|ARM.ActiveCfg = Release|Any CPU
		{53DAE37A-1ED1-4172-907E-DEC480B33E4B}.AppStore|ARM.Build.0 = Release|Any CPU
		{53DAE37A-1ED1-4172-907E-DEC480B33E4B}.AppStore|ARM.Deploy.0 = Release|Any CPU
		{53DAE37A-1ED1-4172-907E-DEC480B33E4B}.AppStore|iPhone.ActiveCfg = Release|Any CPU
		{53DAE37A-1ED1-4172-907E-DEC480B33E4B}.AppStore|iPhone.Build.0 = Release|Any CPU
		{53DAE37A-1ED1-4172-907E-DEC480B33E4B}.AppStore|iPhone.Deploy.0 = Release|Any CPU
		{53DAE37A-1ED1-4172-907E-DEC480B33E4B}.AppStore|iPhoneSimulator.ActiveCfg = Release|Any CPU
		{53DAE37A-1ED1-4172-907E-DEC480B33E4B}.AppStore|iPhoneSimulator.Build.0 = Release|Any CPU
		{53DAE37A-1ED1-4172-907E-DEC480B33E4B}.AppStore|iPhoneSimulator.Deploy.0 = Release|Any CPU
		{53DAE37A-1ED1-4172-907E-DEC480B33E4B}.AppStore|x64.ActiveCfg = Release|Any CPU
		{53DAE37A-1ED1-4172-907E-DEC480B33E4B}.AppStore|x64.Build.0 = Release|Any CPU
		{53DAE37A-1ED1-4172-907E-DEC480B33E4B}.AppStore|x64.Deploy.0 = Release|Any CPU
		{53DAE37A-1ED1-4172-907E-DEC480B33E4B}.AppStore|x86.ActiveCfg = Release|Any CPU
		{53DAE37A-1ED1-4172-907E-DEC480B33E4B}.AppStore|x86.Build.0 = Release|Any CPU
		{53DAE37A-1ED1-4172-907E-DEC480B33E4B}.AppStore|x86.Deploy.0 = Release|Any CPU
		{53DAE37A-1ED1-4172-907E-DEC480B33E4B}.Debug|Any CPU.ActiveCfg = Debug|Any CPU
		{53DAE37A-1ED1-4172-907E-DEC480B33E4B}.Debug|Any CPU.Build.0 = Debug|Any CPU
		{53DAE37A-1ED1-4172-907E-DEC480B33E4B}.Debug|Any CPU.Deploy.0 = Debug|Any CPU
		{53DAE37A-1ED1-4172-907E-DEC480B33E4B}.Debug|ARM.ActiveCfg = Debug|Any CPU
		{53DAE37A-1ED1-4172-907E-DEC480B33E4B}.Debug|ARM.Build.0 = Debug|Any CPU
		{53DAE37A-1ED1-4172-907E-DEC480B33E4B}.Debug|ARM.Deploy.0 = Debug|Any CPU
		{53DAE37A-1ED1-4172-907E-DEC480B33E4B}.Debug|iPhone.ActiveCfg = Debug|Any CPU
		{53DAE37A-1ED1-4172-907E-DEC480B33E4B}.Debug|iPhone.Build.0 = Debug|Any CPU
		{53DAE37A-1ED1-4172-907E-DEC480B33E4B}.Debug|iPhone.Deploy.0 = Debug|Any CPU
		{53DAE37A-1ED1-4172-907E-DEC480B33E4B}.Debug|iPhoneSimulator.ActiveCfg = Debug|Any CPU
		{53DAE37A-1ED1-4172-907E-DEC480B33E4B}.Debug|iPhoneSimulator.Build.0 = Debug|Any CPU
		{53DAE37A-1ED1-4172-907E-DEC480B33E4B}.Debug|iPhoneSimulator.Deploy.0 = Debug|Any CPU
		{53DAE37A-1ED1-4172-907E-DEC480B33E4B}.Debug|x64.ActiveCfg = Debug|Any CPU
		{53DAE37A-1ED1-4172-907E-DEC480B33E4B}.Debug|x64.Build.0 = Debug|Any CPU
		{53DAE37A-1ED1-4172-907E-DEC480B33E4B}.Debug|x64.Deploy.0 = Debug|Any CPU
		{53DAE37A-1ED1-4172-907E-DEC480B33E4B}.Debug|x86.ActiveCfg = Debug|Any CPU
		{53DAE37A-1ED1-4172-907E-DEC480B33E4B}.Debug|x86.Build.0 = Debug|Any CPU
		{53DAE37A-1ED1-4172-907E-DEC480B33E4B}.Debug|x86.Deploy.0 = Debug|Any CPU
		{53DAE37A-1ED1-4172-907E-DEC480B33E4B}.Release|Any CPU.ActiveCfg = Release|Any CPU
		{53DAE37A-1ED1-4172-907E-DEC480B33E4B}.Release|Any CPU.Build.0 = Release|Any CPU
		{53DAE37A-1ED1-4172-907E-DEC480B33E4B}.Release|Any CPU.Deploy.0 = Release|Any CPU
		{53DAE37A-1ED1-4172-907E-DEC480B33E4B}.Release|ARM.ActiveCfg = Release|Any CPU
		{53DAE37A-1ED1-4172-907E-DEC480B33E4B}.Release|ARM.Build.0 = Release|Any CPU
		{53DAE37A-1ED1-4172-907E-DEC480B33E4B}.Release|ARM.Deploy.0 = Release|Any CPU
		{53DAE37A-1ED1-4172-907E-DEC480B33E4B}.Release|iPhone.ActiveCfg = Release|Any CPU
		{53DAE37A-1ED1-4172-907E-DEC480B33E4B}.Release|iPhone.Build.0 = Release|Any CPU
		{53DAE37A-1ED1-4172-907E-DEC480B33E4B}.Release|iPhone.Deploy.0 = Release|Any CPU
		{53DAE37A-1ED1-4172-907E-DEC480B33E4B}.Release|iPhoneSimulator.ActiveCfg = Release|Any CPU
		{53DAE37A-1ED1-4172-907E-DEC480B33E4B}.Release|iPhoneSimulator.Build.0 = Release|Any CPU
		{53DAE37A-1ED1-4172-907E-DEC480B33E4B}.Release|iPhoneSimulator.Deploy.0 = Release|Any CPU
		{53DAE37A-1ED1-4172-907E-DEC480B33E4B}.Release|x64.ActiveCfg = Release|Any CPU
		{53DAE37A-1ED1-4172-907E-DEC480B33E4B}.Release|x64.Build.0 = Release|Any CPU
		{53DAE37A-1ED1-4172-907E-DEC480B33E4B}.Release|x64.Deploy.0 = Release|Any CPU
		{53DAE37A-1ED1-4172-907E-DEC480B33E4B}.Release|x86.ActiveCfg = Release|Any CPU
		{53DAE37A-1ED1-4172-907E-DEC480B33E4B}.Release|x86.Build.0 = Release|Any CPU
		{53DAE37A-1ED1-4172-907E-DEC480B33E4B}.Release|x86.Deploy.0 = Release|Any CPU
		{9D557811-4022-46A0-9B1A-AB7B0101B0D1}.Ad-Hoc|Any CPU.ActiveCfg = Ad-Hoc|iPhone
		{9D557811-4022-46A0-9B1A-AB7B0101B0D1}.Ad-Hoc|ARM.ActiveCfg = Ad-Hoc|iPhone
		{9D557811-4022-46A0-9B1A-AB7B0101B0D1}.Ad-Hoc|iPhone.ActiveCfg = Ad-Hoc|iPhone
		{9D557811-4022-46A0-9B1A-AB7B0101B0D1}.Ad-Hoc|iPhone.Build.0 = Ad-Hoc|iPhone
		{9D557811-4022-46A0-9B1A-AB7B0101B0D1}.Ad-Hoc|iPhoneSimulator.ActiveCfg = Ad-Hoc|iPhoneSimulator
		{9D557811-4022-46A0-9B1A-AB7B0101B0D1}.Ad-Hoc|iPhoneSimulator.Build.0 = Ad-Hoc|iPhoneSimulator
		{9D557811-4022-46A0-9B1A-AB7B0101B0D1}.Ad-Hoc|x64.ActiveCfg = Ad-Hoc|iPhone
		{9D557811-4022-46A0-9B1A-AB7B0101B0D1}.Ad-Hoc|x86.ActiveCfg = Ad-Hoc|iPhone
		{9D557811-4022-46A0-9B1A-AB7B0101B0D1}.AppStore|Any CPU.ActiveCfg = AppStore|iPhone
		{9D557811-4022-46A0-9B1A-AB7B0101B0D1}.AppStore|ARM.ActiveCfg = AppStore|iPhone
		{9D557811-4022-46A0-9B1A-AB7B0101B0D1}.AppStore|iPhone.ActiveCfg = AppStore|iPhone
		{9D557811-4022-46A0-9B1A-AB7B0101B0D1}.AppStore|iPhone.Build.0 = AppStore|iPhone
		{9D557811-4022-46A0-9B1A-AB7B0101B0D1}.AppStore|iPhoneSimulator.ActiveCfg = AppStore|iPhoneSimulator
		{9D557811-4022-46A0-9B1A-AB7B0101B0D1}.AppStore|iPhoneSimulator.Build.0 = AppStore|iPhoneSimulator
		{9D557811-4022-46A0-9B1A-AB7B0101B0D1}.AppStore|x64.ActiveCfg = AppStore|iPhone
		{9D557811-4022-46A0-9B1A-AB7B0101B0D1}.AppStore|x86.ActiveCfg = AppStore|iPhone
		{9D557811-4022-46A0-9B1A-AB7B0101B0D1}.Debug|Any CPU.ActiveCfg = Debug|iPhone
		{9D557811-4022-46A0-9B1A-AB7B0101B0D1}.Debug|ARM.ActiveCfg = Debug|iPhone
		{9D557811-4022-46A0-9B1A-AB7B0101B0D1}.Debug|iPhone.ActiveCfg = Debug|iPhone
		{9D557811-4022-46A0-9B1A-AB7B0101B0D1}.Debug|iPhone.Build.0 = Debug|iPhone
		{9D557811-4022-46A0-9B1A-AB7B0101B0D1}.Debug|iPhoneSimulator.ActiveCfg = Debug|iPhoneSimulator
		{9D557811-4022-46A0-9B1A-AB7B0101B0D1}.Debug|iPhoneSimulator.Build.0 = Debug|iPhoneSimulator
		{9D557811-4022-46A0-9B1A-AB7B0101B0D1}.Debug|x64.ActiveCfg = Debug|iPhone
		{9D557811-4022-46A0-9B1A-AB7B0101B0D1}.Debug|x86.ActiveCfg = Debug|iPhone
		{9D557811-4022-46A0-9B1A-AB7B0101B0D1}.Release|Any CPU.ActiveCfg = Release|iPhone
		{9D557811-4022-46A0-9B1A-AB7B0101B0D1}.Release|ARM.ActiveCfg = Release|iPhone
		{9D557811-4022-46A0-9B1A-AB7B0101B0D1}.Release|iPhone.ActiveCfg = Release|iPhone
		{9D557811-4022-46A0-9B1A-AB7B0101B0D1}.Release|iPhone.Build.0 = Release|iPhone
		{9D557811-4022-46A0-9B1A-AB7B0101B0D1}.Release|iPhoneSimulator.ActiveCfg = Release|iPhoneSimulator
		{9D557811-4022-46A0-9B1A-AB7B0101B0D1}.Release|iPhoneSimulator.Build.0 = Release|iPhoneSimulator
		{9D557811-4022-46A0-9B1A-AB7B0101B0D1}.Release|x64.ActiveCfg = Release|iPhone
		{9D557811-4022-46A0-9B1A-AB7B0101B0D1}.Release|x86.ActiveCfg = Release|iPhone
		{2FB03C34-80F1-4E10-B0A4-5499FCC1C568}.Ad-Hoc|Any CPU.ActiveCfg = Release|x86
		{2FB03C34-80F1-4E10-B0A4-5499FCC1C568}.Ad-Hoc|Any CPU.Build.0 = Release|x86
		{2FB03C34-80F1-4E10-B0A4-5499FCC1C568}.Ad-Hoc|Any CPU.Deploy.0 = Release|x86
		{2FB03C34-80F1-4E10-B0A4-5499FCC1C568}.Ad-Hoc|ARM.ActiveCfg = Release|ARM
		{2FB03C34-80F1-4E10-B0A4-5499FCC1C568}.Ad-Hoc|ARM.Build.0 = Release|ARM
		{2FB03C34-80F1-4E10-B0A4-5499FCC1C568}.Ad-Hoc|ARM.Deploy.0 = Release|ARM
		{2FB03C34-80F1-4E10-B0A4-5499FCC1C568}.Ad-Hoc|iPhone.ActiveCfg = Release|x86
		{2FB03C34-80F1-4E10-B0A4-5499FCC1C568}.Ad-Hoc|iPhone.Build.0 = Release|x86
		{2FB03C34-80F1-4E10-B0A4-5499FCC1C568}.Ad-Hoc|iPhone.Deploy.0 = Release|x86
		{2FB03C34-80F1-4E10-B0A4-5499FCC1C568}.Ad-Hoc|iPhoneSimulator.ActiveCfg = Release|x86
		{2FB03C34-80F1-4E10-B0A4-5499FCC1C568}.Ad-Hoc|iPhoneSimulator.Build.0 = Release|x86
		{2FB03C34-80F1-4E10-B0A4-5499FCC1C568}.Ad-Hoc|iPhoneSimulator.Deploy.0 = Release|x86
		{2FB03C34-80F1-4E10-B0A4-5499FCC1C568}.Ad-Hoc|x64.ActiveCfg = Release|x64
		{2FB03C34-80F1-4E10-B0A4-5499FCC1C568}.Ad-Hoc|x64.Build.0 = Release|x64
		{2FB03C34-80F1-4E10-B0A4-5499FCC1C568}.Ad-Hoc|x64.Deploy.0 = Release|x64
		{2FB03C34-80F1-4E10-B0A4-5499FCC1C568}.Ad-Hoc|x86.ActiveCfg = Release|x86
		{2FB03C34-80F1-4E10-B0A4-5499FCC1C568}.Ad-Hoc|x86.Build.0 = Release|x86
		{2FB03C34-80F1-4E10-B0A4-5499FCC1C568}.Ad-Hoc|x86.Deploy.0 = Release|x86
		{2FB03C34-80F1-4E10-B0A4-5499FCC1C568}.AppStore|Any CPU.ActiveCfg = Release|x86
		{2FB03C34-80F1-4E10-B0A4-5499FCC1C568}.AppStore|Any CPU.Build.0 = Release|x86
		{2FB03C34-80F1-4E10-B0A4-5499FCC1C568}.AppStore|Any CPU.Deploy.0 = Release|x86
		{2FB03C34-80F1-4E10-B0A4-5499FCC1C568}.AppStore|ARM.ActiveCfg = Release|ARM
		{2FB03C34-80F1-4E10-B0A4-5499FCC1C568}.AppStore|ARM.Build.0 = Release|ARM
		{2FB03C34-80F1-4E10-B0A4-5499FCC1C568}.AppStore|ARM.Deploy.0 = Release|ARM
		{2FB03C34-80F1-4E10-B0A4-5499FCC1C568}.AppStore|iPhone.ActiveCfg = Release|x86
		{2FB03C34-80F1-4E10-B0A4-5499FCC1C568}.AppStore|iPhone.Build.0 = Release|x86
		{2FB03C34-80F1-4E10-B0A4-5499FCC1C568}.AppStore|iPhone.Deploy.0 = Release|x86
		{2FB03C34-80F1-4E10-B0A4-5499FCC1C568}.AppStore|iPhoneSimulator.ActiveCfg = Release|x86
		{2FB03C34-80F1-4E10-B0A4-5499FCC1C568}.AppStore|iPhoneSimulator.Build.0 = Release|x86
		{2FB03C34-80F1-4E10-B0A4-5499FCC1C568}.AppStore|iPhoneSimulator.Deploy.0 = Release|x86
		{2FB03C34-80F1-4E10-B0A4-5499FCC1C568}.AppStore|x64.ActiveCfg = Release|x64
		{2FB03C34-80F1-4E10-B0A4-5499FCC1C568}.AppStore|x64.Build.0 = Release|x64
		{2FB03C34-80F1-4E10-B0A4-5499FCC1C568}.AppStore|x64.Deploy.0 = Release|x64
		{2FB03C34-80F1-4E10-B0A4-5499FCC1C568}.AppStore|x86.ActiveCfg = Release|x86
		{2FB03C34-80F1-4E10-B0A4-5499FCC1C568}.AppStore|x86.Build.0 = Release|x86
		{2FB03C34-80F1-4E10-B0A4-5499FCC1C568}.AppStore|x86.Deploy.0 = Release|x86
		{2FB03C34-80F1-4E10-B0A4-5499FCC1C568}.Debug|Any CPU.ActiveCfg = Debug|x86
		{2FB03C34-80F1-4E10-B0A4-5499FCC1C568}.Debug|ARM.ActiveCfg = Debug|ARM
		{2FB03C34-80F1-4E10-B0A4-5499FCC1C568}.Debug|ARM.Build.0 = Debug|ARM
		{2FB03C34-80F1-4E10-B0A4-5499FCC1C568}.Debug|ARM.Deploy.0 = Debug|ARM
		{2FB03C34-80F1-4E10-B0A4-5499FCC1C568}.Debug|iPhone.ActiveCfg = Debug|x86
		{2FB03C34-80F1-4E10-B0A4-5499FCC1C568}.Debug|iPhoneSimulator.ActiveCfg = Debug|x86
		{2FB03C34-80F1-4E10-B0A4-5499FCC1C568}.Debug|x64.ActiveCfg = Debug|x64
		{2FB03C34-80F1-4E10-B0A4-5499FCC1C568}.Debug|x64.Build.0 = Debug|x64
		{2FB03C34-80F1-4E10-B0A4-5499FCC1C568}.Debug|x64.Deploy.0 = Debug|x64
		{2FB03C34-80F1-4E10-B0A4-5499FCC1C568}.Debug|x86.ActiveCfg = Debug|x86
		{2FB03C34-80F1-4E10-B0A4-5499FCC1C568}.Debug|x86.Build.0 = Debug|x86
		{2FB03C34-80F1-4E10-B0A4-5499FCC1C568}.Debug|x86.Deploy.0 = Debug|x86
		{2FB03C34-80F1-4E10-B0A4-5499FCC1C568}.Release|Any CPU.ActiveCfg = Release|x86
		{2FB03C34-80F1-4E10-B0A4-5499FCC1C568}.Release|ARM.ActiveCfg = Release|ARM
		{2FB03C34-80F1-4E10-B0A4-5499FCC1C568}.Release|ARM.Build.0 = Release|ARM
		{2FB03C34-80F1-4E10-B0A4-5499FCC1C568}.Release|ARM.Deploy.0 = Release|ARM
		{2FB03C34-80F1-4E10-B0A4-5499FCC1C568}.Release|iPhone.ActiveCfg = Release|x86
		{2FB03C34-80F1-4E10-B0A4-5499FCC1C568}.Release|iPhoneSimulator.ActiveCfg = Release|x86
		{2FB03C34-80F1-4E10-B0A4-5499FCC1C568}.Release|x64.ActiveCfg = Release|x64
		{2FB03C34-80F1-4E10-B0A4-5499FCC1C568}.Release|x64.Build.0 = Release|x64
		{2FB03C34-80F1-4E10-B0A4-5499FCC1C568}.Release|x64.Deploy.0 = Release|x64
		{2FB03C34-80F1-4E10-B0A4-5499FCC1C568}.Release|x86.ActiveCfg = Release|x86
		{2FB03C34-80F1-4E10-B0A4-5499FCC1C568}.Release|x86.Build.0 = Release|x86
		{2FB03C34-80F1-4E10-B0A4-5499FCC1C568}.Release|x86.Deploy.0 = Release|x86
		{35FB7FFE-99FE-4BA9-B3D1-2E51255632EA}.Ad-Hoc|Any CPU.ActiveCfg = Debug|Any CPU
		{35FB7FFE-99FE-4BA9-B3D1-2E51255632EA}.Ad-Hoc|Any CPU.Build.0 = Debug|Any CPU
		{35FB7FFE-99FE-4BA9-B3D1-2E51255632EA}.Ad-Hoc|ARM.ActiveCfg = Debug|Any CPU
		{35FB7FFE-99FE-4BA9-B3D1-2E51255632EA}.Ad-Hoc|ARM.Build.0 = Debug|Any CPU
		{35FB7FFE-99FE-4BA9-B3D1-2E51255632EA}.Ad-Hoc|iPhone.ActiveCfg = Debug|Any CPU
		{35FB7FFE-99FE-4BA9-B3D1-2E51255632EA}.Ad-Hoc|iPhone.Build.0 = Debug|Any CPU
		{35FB7FFE-99FE-4BA9-B3D1-2E51255632EA}.Ad-Hoc|iPhoneSimulator.ActiveCfg = Debug|Any CPU
		{35FB7FFE-99FE-4BA9-B3D1-2E51255632EA}.Ad-Hoc|iPhoneSimulator.Build.0 = Debug|Any CPU
		{35FB7FFE-99FE-4BA9-B3D1-2E51255632EA}.Ad-Hoc|x64.ActiveCfg = Debug|Any CPU
		{35FB7FFE-99FE-4BA9-B3D1-2E51255632EA}.Ad-Hoc|x64.Build.0 = Debug|Any CPU
		{35FB7FFE-99FE-4BA9-B3D1-2E51255632EA}.Ad-Hoc|x86.ActiveCfg = Debug|Any CPU
		{35FB7FFE-99FE-4BA9-B3D1-2E51255632EA}.Ad-Hoc|x86.Build.0 = Debug|Any CPU
		{35FB7FFE-99FE-4BA9-B3D1-2E51255632EA}.AppStore|Any CPU.ActiveCfg = Debug|Any CPU
		{35FB7FFE-99FE-4BA9-B3D1-2E51255632EA}.AppStore|Any CPU.Build.0 = Debug|Any CPU
		{35FB7FFE-99FE-4BA9-B3D1-2E51255632EA}.AppStore|ARM.ActiveCfg = Debug|Any CPU
		{35FB7FFE-99FE-4BA9-B3D1-2E51255632EA}.AppStore|ARM.Build.0 = Debug|Any CPU
		{35FB7FFE-99FE-4BA9-B3D1-2E51255632EA}.AppStore|iPhone.ActiveCfg = Debug|Any CPU
		{35FB7FFE-99FE-4BA9-B3D1-2E51255632EA}.AppStore|iPhone.Build.0 = Debug|Any CPU
		{35FB7FFE-99FE-4BA9-B3D1-2E51255632EA}.AppStore|iPhoneSimulator.ActiveCfg = Debug|Any CPU
		{35FB7FFE-99FE-4BA9-B3D1-2E51255632EA}.AppStore|iPhoneSimulator.Build.0 = Debug|Any CPU
		{35FB7FFE-99FE-4BA9-B3D1-2E51255632EA}.AppStore|x64.ActiveCfg = Debug|Any CPU
		{35FB7FFE-99FE-4BA9-B3D1-2E51255632EA}.AppStore|x64.Build.0 = Debug|Any CPU
		{35FB7FFE-99FE-4BA9-B3D1-2E51255632EA}.AppStore|x86.ActiveCfg = Debug|Any CPU
		{35FB7FFE-99FE-4BA9-B3D1-2E51255632EA}.AppStore|x86.Build.0 = Debug|Any CPU
		{35FB7FFE-99FE-4BA9-B3D1-2E51255632EA}.Debug|Any CPU.ActiveCfg = Debug|Any CPU
		{35FB7FFE-99FE-4BA9-B3D1-2E51255632EA}.Debug|Any CPU.Build.0 = Debug|Any CPU
		{35FB7FFE-99FE-4BA9-B3D1-2E51255632EA}.Debug|ARM.ActiveCfg = Debug|Any CPU
		{35FB7FFE-99FE-4BA9-B3D1-2E51255632EA}.Debug|ARM.Build.0 = Debug|Any CPU
		{35FB7FFE-99FE-4BA9-B3D1-2E51255632EA}.Debug|iPhone.ActiveCfg = Debug|Any CPU
		{35FB7FFE-99FE-4BA9-B3D1-2E51255632EA}.Debug|iPhone.Build.0 = Debug|Any CPU
		{35FB7FFE-99FE-4BA9-B3D1-2E51255632EA}.Debug|iPhoneSimulator.ActiveCfg = Debug|Any CPU
		{35FB7FFE-99FE-4BA9-B3D1-2E51255632EA}.Debug|iPhoneSimulator.Build.0 = Debug|Any CPU
		{35FB7FFE-99FE-4BA9-B3D1-2E51255632EA}.Debug|x64.ActiveCfg = Debug|Any CPU
		{35FB7FFE-99FE-4BA9-B3D1-2E51255632EA}.Debug|x64.Build.0 = Debug|Any CPU
		{35FB7FFE-99FE-4BA9-B3D1-2E51255632EA}.Debug|x86.ActiveCfg = Debug|Any CPU
		{35FB7FFE-99FE-4BA9-B3D1-2E51255632EA}.Debug|x86.Build.0 = Debug|Any CPU
		{35FB7FFE-99FE-4BA9-B3D1-2E51255632EA}.Release|Any CPU.ActiveCfg = Release|Any CPU
		{35FB7FFE-99FE-4BA9-B3D1-2E51255632EA}.Release|Any CPU.Build.0 = Release|Any CPU
		{35FB7FFE-99FE-4BA9-B3D1-2E51255632EA}.Release|ARM.ActiveCfg = Release|Any CPU
		{35FB7FFE-99FE-4BA9-B3D1-2E51255632EA}.Release|ARM.Build.0 = Release|Any CPU
		{35FB7FFE-99FE-4BA9-B3D1-2E51255632EA}.Release|iPhone.ActiveCfg = Release|Any CPU
		{35FB7FFE-99FE-4BA9-B3D1-2E51255632EA}.Release|iPhone.Build.0 = Release|Any CPU
		{35FB7FFE-99FE-4BA9-B3D1-2E51255632EA}.Release|iPhoneSimulator.ActiveCfg = Release|Any CPU
		{35FB7FFE-99FE-4BA9-B3D1-2E51255632EA}.Release|iPhoneSimulator.Build.0 = Release|Any CPU
		{35FB7FFE-99FE-4BA9-B3D1-2E51255632EA}.Release|x64.ActiveCfg = Release|Any CPU
		{35FB7FFE-99FE-4BA9-B3D1-2E51255632EA}.Release|x64.Build.0 = Release|Any CPU
		{35FB7FFE-99FE-4BA9-B3D1-2E51255632EA}.Release|x86.ActiveCfg = Release|Any CPU
		{35FB7FFE-99FE-4BA9-B3D1-2E51255632EA}.Release|x86.Build.0 = Release|Any CPU
	EndGlobalSection
	GlobalSection(SolutionProperties) = preSolution
		HideSolutionNode = FALSE
	EndGlobalSection
	GlobalSection(ExtensibilityGlobals) = postSolution
		SolutionGuid = {1FA5C5E6-8DF8-4E79-A5B9-08B29D4DA1B1}
	EndGlobalSection
EndGlobal
